
Microsoft Visual Studio Solution File, Format Version 12.00
# Visual Studio Version 17
VisualStudioVersion = 17.0.31903.59
MinimumVisualStudioVersion = 10.0.40219.1
Project("{2150E333-8FDC-42A3-9474-1A3956D46DE8}") = "src", "src", "{827E0CD3-B72D-47B6-A68D-7590B98EB39B}"
EndProject
Project("{FAE04EC0-301F-11D3-BF4B-00C04F79EFBC}") = "WindowsIconsAdmin.Core", "src\WindowsIconsAdmin.Core\WindowsIconsAdmin.Core.csproj", "{BD7286AF-BDCE-47D2-9594-2E0C4B12B308}"
EndProject
Project("{FAE04EC0-301F-11D3-BF4B-00C04F79EFBC}") = "WindowsIconsAdmin.Core.Tests", "tests\WindowsIconsAdmin.Core.Tests\WindowsIconsAdmin.Core.Tests.csproj", "{ED5FAB5E-23E3-49E5-A1AB-9C9706DE9778}"
EndProject
Project("{FAE04EC0-301F-11D3-BF4B-00C04F79EFBC}") = "WindowsIconsAdmin.App", "src\WindowsIconsAdmin.App\WindowsIconsAdmin.App.csproj", "{DF46D3BA-9C30-4089-8AA9-DDCCC5B93984}"
EndProject
Global
	GlobalSection(SolutionConfigurationPlatforms) = preSolution
		Debug|Any CPU = Debug|Any CPU
		Debug|x64 = Debug|x64
		Debug|x86 = Debug|x86
		Release|Any CPU = Release|Any CPU
		Release|x64 = Release|x64
		Release|x86 = Release|x86
	EndGlobalSection
	GlobalSection(ProjectConfigurationPlatforms) = postSolution
		{BD7286AF-BDCE-47D2-9594-2E0C4B12B308}.Debug|Any CPU.ActiveCfg = Debug|Any CPU
		{BD7286AF-BDCE-47D2-9594-2E0C4B12B308}.Debug|Any CPU.Build.0 = Debug|Any CPU
		{BD7286AF-BDCE-47D2-9594-2E0C4B12B308}.Debug|x64.ActiveCfg = Debug|Any CPU
		{BD7286AF-BDCE-47D2-9594-2E0C4B12B308}.Debug|x64.Build.0 = Debug|Any CPU
		{BD7286AF-BDCE-47D2-9594-2E0C4B12B308}.Debug|x86.ActiveCfg = Debug|Any CPU
		{BD7286AF-BDCE-47D2-9594-2E0C4B12B308}.Debug|x86.Build.0 = Debug|Any CPU
		{BD7286AF-BDCE-47D2-9594-2E0C4B12B308}.Release|Any CPU.ActiveCfg = Release|Any CPU
		{BD7286AF-BDCE-47D2-9594-2E0C4B12B308}.Release|Any CPU.Build.0 = Release|Any CPU
		{BD7286AF-BDCE-47D2-9594-2E0C4B12B308}.Release|x64.ActiveCfg = Release|Any CPU
		{BD7286AF-BDCE-47D2-9594-2E0C4B12B308}.Release|x64.Build.0 = Release|Any CPU
		{BD7286AF-BDCE-47D2-9594-2E0C4B12B308}.Release|x86.ActiveCfg = Release|Any CPU
		{BD7286AF-BDCE-47D2-9594-2E0C4B12B308}.Release|x86.Build.0 = Release|Any CPU
		{ED5FAB5E-23E3-49E5-A1AB-9C9706DE9778}.Debug|Any CPU.ActiveCfg = Debug|Any CPU
		{ED5FAB5E-23E3-49E5-A1AB-9C9706DE9778}.Debug|Any CPU.Build.0 = Debug|Any CPU
		{ED5FAB5E-23E3-49E5-A1AB-9C9706DE9778}.Debug|x64.ActiveCfg = Debug|Any CPU
		{ED5FAB5E-23E3-49E5-A1AB-9C9706DE9778}.Debug|x64.Build.0 = Debug|Any CPU
		{ED5FAB5E-23E3-49E5-A1AB-9C9706DE9778}.Debug|x86.ActiveCfg = Debug|Any CPU
		{ED5FAB5E-23E3-49E5-A1AB-9C9706DE9778}.Debug|x86.Build.0 = Debug|Any CPU
		{ED5FAB5E-23E3-49E5-A1AB-9C9706DE9778}.Release|Any CPU.ActiveCfg = Release|Any CPU
		{ED5FAB5E-23E3-49E5-A1AB-9C9706DE9778}.Release|Any CPU.Build.0 = Release|Any CPU
		{ED5FAB5E-23E3-49E5-A1AB-9C9706DE9778}.Release|x64.ActiveCfg = Release|Any CPU
		{ED5FAB5E-23E3-49E5-A1AB-9C9706DE9778}.Release|x64.Build.0 = Release|Any CPU
		{ED5FAB5E-23E3-49E5-A1AB-9C9706DE9778}.Release|x86.ActiveCfg = Release|Any CPU
		{ED5FAB5E-23E3-49E5-A1AB-9C9706DE9778}.Release|x86.Build.0 = Release|Any CPU
		{DF46D3BA-9C30-4089-8AA9-DDCCC5B93984}.Debug|Any CPU.ActiveCfg = Debug|x86
		{DF46D3BA-9C30-4089-8AA9-DDCCC5B93984}.Debug|Any CPU.Build.0 = Debug|x86
		{DF46D3BA-9C30-4089-8AA9-DDCCC5B93984}.Debug|x64.ActiveCfg = Debug|x64
		{DF46D3BA-9C30-4089-8AA9-DDCCC5B93984}.Debug|x64.Build.0 = Debug|x64
		{DF46D3BA-9C30-4089-8AA9-DDCCC5B93984}.Debug|x86.ActiveCfg = Debug|x86
		{DF46D3BA-9C30-4089-8AA9-DDCCC5B93984}.Debug|x86.Build.0 = Debug|x86
		{DF46D3BA-9C30-4089-8AA9-DDCCC5B93984}.Release|Any CPU.ActiveCfg = Release|x86
		{DF46D3BA-9C30-4089-8AA9-DDCCC5B93984}.Release|Any CPU.Build.0 = Release|x86
		{DF46D3BA-9C30-4089-8AA9-DDCCC5B93984}.Release|x64.ActiveCfg = Release|x64
		{DF46D3BA-9C30-4089-8AA9-DDCCC5B93984}.Release|x64.Build.0 = Release|x64
		{DF46D3BA-9C30-4089-8AA9-DDCCC5B93984}.Release|x86.ActiveCfg = Release|x86
		{DF46D3BA-9C30-4089-8AA9-DDCCC5B93984}.Release|x86.Build.0 = Release|x86
	EndGlobalSection
	GlobalSection(SolutionProperties) = preSolution
		HideSolutionNode = FALSE
	EndGlobalSection
	GlobalSection(NestedProjects) = preSolution
		{BD7286AF-BDCE-47D2-9594-2E0C4B12B308} = {827E0CD3-B72D-47B6-A68D-7590B98EB39B}
		{ED5FAB5E-23E3-49E5-A1AB-9C9706DE9778} = {827E0CD3-B72D-47B6-A68D-7590B98EB39B}
		{DF46D3BA-9C30-4089-8AA9-DDCCC5B93984} = {827E0CD3-B72D-47B6-A68D-7590B98EB39B}
	EndGlobalSection
EndGlobal
